
Microsoft Visual Studio Solution File, Format Version 12.00
# Visual Studio 15
VisualStudioVersion = 15.0.27428.2027
MinimumVisualStudioVersion = 10.0.40219.1
Project("{FAE04EC0-301F-11D3-BF4B-00C04F79EFBC}") = "ReproBot.Bot", "ReproBot.Bot\ReproBot.Bot.csproj", "{CEF8CD2B-10E8-4D29-A6FA-896263FD6986}"
EndProject
Project("{9A19103F-16F7-4668-BE54-9A1E7A4F7556}") = "ReproBot.BotLogic", "ReproBot.BotLogic\ReproBot.BotLogic.csproj", "{B1A6235F-D591-4375-AF99-DA206CEEDE95}"
EndProject
Project("{151D2E53-A2C4-4D7D-83FE-D05416EBD58E}") = "Deployment", "Deployment\Deployment.deployproj", "{BF72F30A-2BD3-4488-B1E6-D71639CA2766}"
EndProject
Global
	GlobalSection(SolutionConfigurationPlatforms) = preSolution
		Debug|Any CPU = Debug|Any CPU
		Release|Any CPU = Release|Any CPU
	EndGlobalSection
	GlobalSection(ProjectConfigurationPlatforms) = postSolution
		{CEF8CD2B-10E8-4D29-A6FA-896263FD6986}.Debug|Any CPU.ActiveCfg = Debug|Any CPU
		{CEF8CD2B-10E8-4D29-A6FA-896263FD6986}.Debug|Any CPU.Build.0 = Debug|Any CPU
		{CEF8CD2B-10E8-4D29-A6FA-896263FD6986}.Release|Any CPU.ActiveCfg = Release|Any CPU
		{CEF8CD2B-10E8-4D29-A6FA-896263FD6986}.Release|Any CPU.Build.0 = Release|Any CPU
		{B1A6235F-D591-4375-AF99-DA206CEEDE95}.Debug|Any CPU.ActiveCfg = Debug|Any CPU
		{B1A6235F-D591-4375-AF99-DA206CEEDE95}.Debug|Any CPU.Build.0 = Debug|Any CPU
		{B1A6235F-D591-4375-AF99-DA206CEEDE95}.Release|Any CPU.ActiveCfg = Release|Any CPU
		{B1A6235F-D591-4375-AF99-DA206CEEDE95}.Release|Any CPU.Build.0 = Release|Any CPU
		{BF72F30A-2BD3-4488-B1E6-D71639CA2766}.Debug|Any CPU.ActiveCfg = Debug|Any CPU
		{BF72F30A-2BD3-4488-B1E6-D71639CA2766}.Debug|Any CPU.Build.0 = Debug|Any CPU
		{BF72F30A-2BD3-4488-B1E6-D71639CA2766}.Release|Any CPU.ActiveCfg = Release|Any CPU
		{BF72F30A-2BD3-4488-B1E6-D71639CA2766}.Release|Any CPU.Build.0 = Release|Any CPU
	EndGlobalSection
	GlobalSection(SolutionProperties) = preSolution
		HideSolutionNode = FALSE
	EndGlobalSection
	GlobalSection(ExtensibilityGlobals) = postSolution
		SolutionGuid = {0A256C46-4EBD-47F3-8F60-E4D8F9C4604D}
	EndGlobalSection
EndGlobal
